// !$*UTF8*$!
{
	archiveVersion = 1;
	classes = {
	};
	objectVersion = 50;
	objects = {

/* Begin PBXBuildFile section */
		FA7C9CE82216DF9500A44160 /* Proxyble.swift in Sources */ = {isa = PBXBuildFile; fileRef = FA7C9CE72216DF9400A44160 /* Proxyble.swift */; };
		FA941EE822161AAD00CA6408 /* JSONParseble.swift in Sources */ = {isa = PBXBuildFile; fileRef = FA941EE722161AAD00CA6408 /* JSONParseble.swift */; };
		FA941EEF221627F800CA6408 /* ParseJSON.swift in Sources */ = {isa = PBXBuildFile; fileRef = FA941EEE221627F800CA6408 /* ParseJSON.swift */; };
		FABD636C2214512600DDC34E /* AppDelegate.swift in Sources */ = {isa = PBXBuildFile; fileRef = FABD636B2214512600DDC34E /* AppDelegate.swift */; };
		FABD636E2214512600DDC34E /* UsersViewController.swift in Sources */ = {isa = PBXBuildFile; fileRef = FABD636D2214512600DDC34E /* UsersViewController.swift */; };
		FABD63732214512A00DDC34E /* Assets.xcassets in Resources */ = {isa = PBXBuildFile; fileRef = FABD63722214512A00DDC34E /* Assets.xcassets */; };
		FABD63862214548900DDC34E /* UserDetailViewController.swift in Sources */ = {isa = PBXBuildFile; fileRef = FABD63852214548900DDC34E /* UserDetailViewController.swift */; };
		FABD6388221458CE00DDC34E /* UsersTableViewCell.swift in Sources */ = {isa = PBXBuildFile; fileRef = FABD6387221458CE00DDC34E /* UsersTableViewCell.swift */; };
		FABD638B2214590400DDC34E /* Extension + UIView.swift in Sources */ = {isa = PBXBuildFile; fileRef = FABD638A2214590400DDC34E /* Extension + UIView.swift */; };
		FABD638D221459B800DDC34E /* UserModel.swift in Sources */ = {isa = PBXBuildFile; fileRef = FABD638C221459B800DDC34E /* UserModel.swift */; };
		FAEE35C222147900001EFC7E /* URL_API.swift in Sources */ = {isa = PBXBuildFile; fileRef = FAEE35C122147900001EFC7E /* URL_API.swift */; };
		FAEE35C422147C1A001EFC7E /* Typealias.swift in Sources */ = {isa = PBXBuildFile; fileRef = FAEE35C322147C1A001EFC7E /* Typealias.swift */; };
		FAEF210D221464760029FC23 /* UserDetail.storyboard in Sources */ = {isa = PBXBuildFile; fileRef = FABD638F22145BC600DDC34E /* UserDetail.storyboard */; };
		FAEF210E2214647B0029FC23 /* Users.storyboard in Sources */ = {isa = PBXBuildFile; fileRef = FABD636F2214512600DDC34E /* Users.storyboard */; };
		FAEF210F221464800029FC23 /* LaunchScreen.storyboard in Sources */ = {isa = PBXBuildFile; fileRef = FABD63742214512A00DDC34E /* LaunchScreen.storyboard */; };
		FAEF2117221469830029FC23 /* ID.swift in Sources */ = {isa = PBXBuildFile; fileRef = FAEF2116221469830029FC23 /* ID.swift */; };
		FAEF211B221470F20029FC23 /* Proxy.swift in Sources */ = {isa = PBXBuildFile; fileRef = FAEF211A221470F20029FC23 /* Proxy.swift */; };
		FAF19EE422156C180027DB5E /* UserDetaiCollectionViewCell.swift in Sources */ = {isa = PBXBuildFile; fileRef = FAF19EE322156C180027DB5E /* UserDetaiCollectionViewCell.swift */; };
		FAF19EED2215A7520027DB5E /* Extension + ActivityIndicator.swift in Sources */ = {isa = PBXBuildFile; fileRef = FAF19EEC2215A7520027DB5E /* Extension + ActivityIndicator.swift */; };
		FAF19EEF2215A87A0027DB5E /* PhotoLoad.swift in Sources */ = {isa = PBXBuildFile; fileRef = FAF19EEE2215A87A0027DB5E /* PhotoLoad.swift */; };
		FAF19EF32215B3410027DB5E /* NetworkManager.swift in Sources */ = {isa = PBXBuildFile; fileRef = FAF19EF22215B3410027DB5E /* NetworkManager.swift */; };
		FAF19EF62215C1A60027DB5E /* ProjectStrings.swift in Sources */ = {isa = PBXBuildFile; fileRef = FAF19EF52215C1A60027DB5E /* ProjectStrings.swift */; };
		FAF19EF82215D38B0027DB5E /* CacheManager.swift in Sources */ = {isa = PBXBuildFile; fileRef = FAF19EF72215D38B0027DB5E /* CacheManager.swift */; };
		FAF289972214C983007C1200 /* PhotoModel.swift in Sources */ = {isa = PBXBuildFile; fileRef = FAF289962214C983007C1200 /* PhotoModel.swift */; };
/* End PBXBuildFile section */

/* Begin PBXFileReference section */
		FA7C9CE72216DF9400A44160 /* Proxyble.swift */ = {isa = PBXFileReference; lastKnownFileType = sourcecode.swift; path = Proxyble.swift; sourceTree = "<group>"; };
		FA941EE722161AAD00CA6408 /* JSONParseble.swift */ = {isa = PBXFileReference; lastKnownFileType = sourcecode.swift; path = JSONParseble.swift; sourceTree = "<group>"; };
		FA941EEE221627F800CA6408 /* ParseJSON.swift */ = {isa = PBXFileReference; lastKnownFileType = sourcecode.swift; path = ParseJSON.swift; sourceTree = "<group>"; };
		FABD63682214512600DDC34E /* TestTaskA3Technology..app */ = {isa = PBXFileReference; explicitFileType = wrapper.application; includeInIndex = 0; path = TestTaskA3Technology..app; sourceTree = BUILT_PRODUCTS_DIR; };
		FABD636B2214512600DDC34E /* AppDelegate.swift */ = {isa = PBXFileReference; lastKnownFileType = sourcecode.swift; path = AppDelegate.swift; sourceTree = "<group>"; };
		FABD636D2214512600DDC34E /* UsersViewController.swift */ = {isa = PBXFileReference; lastKnownFileType = sourcecode.swift; path = UsersViewController.swift; sourceTree = "<group>"; };
		FABD63702214512600DDC34E /* Base */ = {isa = PBXFileReference; lastKnownFileType = file.storyboard; name = Base; path = Base.lproj/Users.storyboard; sourceTree = "<group>"; };
		FABD63722214512A00DDC34E /* Assets.xcassets */ = {isa = PBXFileReference; lastKnownFileType = folder.assetcatalog; path = Assets.xcassets; sourceTree = "<group>"; };
		FABD63752214512A00DDC34E /* Base */ = {isa = PBXFileReference; lastKnownFileType = file.storyboard; name = Base; path = Base.lproj/LaunchScreen.storyboard; sourceTree = "<group>"; };
		FABD63772214512A00DDC34E /* Info.plist */ = {isa = PBXFileReference; lastKnownFileType = text.plist.xml; path = Info.plist; sourceTree = "<group>"; };
		FABD63852214548900DDC34E /* UserDetailViewController.swift */ = {isa = PBXFileReference; lastKnownFileType = sourcecode.swift; path = UserDetailViewController.swift; sourceTree = "<group>"; };
		FABD6387221458CE00DDC34E /* UsersTableViewCell.swift */ = {isa = PBXFileReference; lastKnownFileType = sourcecode.swift; path = UsersTableViewCell.swift; sourceTree = "<group>"; };
		FABD638A2214590400DDC34E /* Extension + UIView.swift */ = {isa = PBXFileReference; lastKnownFileType = sourcecode.swift; path = "Extension + UIView.swift"; sourceTree = "<group>"; };
		FABD638C221459B800DDC34E /* UserModel.swift */ = {isa = PBXFileReference; lastKnownFileType = sourcecode.swift; path = UserModel.swift; sourceTree = "<group>"; };
		FABD638F22145BC600DDC34E /* UserDetail.storyboard */ = {isa = PBXFileReference; lastKnownFileType = file.storyboard; path = UserDetail.storyboard; sourceTree = "<group>"; };
		FAEE35C122147900001EFC7E /* URL_API.swift */ = {isa = PBXFileReference; lastKnownFileType = sourcecode.swift; path = URL_API.swift; sourceTree = "<group>"; };
		FAEE35C322147C1A001EFC7E /* Typealias.swift */ = {isa = PBXFileReference; lastKnownFileType = sourcecode.swift; path = Typealias.swift; sourceTree = "<group>"; };
		FAEF2116221469830029FC23 /* ID.swift */ = {isa = PBXFileReference; lastKnownFileType = sourcecode.swift; path = ID.swift; sourceTree = "<group>"; };
		FAEF211A221470F20029FC23 /* Proxy.swift */ = {isa = PBXFileReference; lastKnownFileType = sourcecode.swift; path = Proxy.swift; sourceTree = "<group>"; };
		FAF19EE322156C180027DB5E /* UserDetaiCollectionViewCell.swift */ = {isa = PBXFileReference; lastKnownFileType = sourcecode.swift; path = UserDetaiCollectionViewCell.swift; sourceTree = "<group>"; };
		FAF19EEC2215A7520027DB5E /* Extension + ActivityIndicator.swift */ = {isa = PBXFileReference; lastKnownFileType = sourcecode.swift; path = "Extension + ActivityIndicator.swift"; sourceTree = "<group>"; };
		FAF19EEE2215A87A0027DB5E /* PhotoLoad.swift */ = {isa = PBXFileReference; lastKnownFileType = sourcecode.swift; path = PhotoLoad.swift; sourceTree = "<group>"; };
		FAF19EF22215B3410027DB5E /* NetworkManager.swift */ = {isa = PBXFileReference; lastKnownFileType = sourcecode.swift; path = NetworkManager.swift; sourceTree = "<group>"; };
		FAF19EF52215C1A60027DB5E /* ProjectStrings.swift */ = {isa = PBXFileReference; lastKnownFileType = sourcecode.swift; path = ProjectStrings.swift; sourceTree = "<group>"; };
		FAF19EF72215D38B0027DB5E /* CacheManager.swift */ = {isa = PBXFileReference; lastKnownFileType = sourcecode.swift; path = CacheManager.swift; sourceTree = "<group>"; };
		FAF289962214C983007C1200 /* PhotoModel.swift */ = {isa = PBXFileReference; lastKnownFileType = sourcecode.swift; path = PhotoModel.swift; sourceTree = "<group>"; };
/* End PBXFileReference section */

/* Begin PBXFrameworksBuildPhase section */
		FABD63652214512600DDC34E /* Frameworks */ = {
			isa = PBXFrameworksBuildPhase;
			buildActionMask = 2147483647;
			files = (
			);
			runOnlyForDeploymentPostprocessing = 0;
		};
/* End PBXFrameworksBuildPhase section */

/* Begin PBXGroup section */
		FA7C9CE92216E70200A44160 /* Proxy */ = {
			isa = PBXGroup;
			children = (
				FAF19EEE2215A87A0027DB5E /* PhotoLoad.swift */,
				FAEF211A221470F20029FC23 /* Proxy.swift */,
			);
			path = Proxy;
			sourceTree = "<group>";
		};
		FA941EE622161A3600CA6408 /* Protocols */ = {
			isa = PBXGroup;
			children = (
				FA941EE722161AAD00CA6408 /* JSONParseble.swift */,
				FA7C9CE72216DF9400A44160 /* Proxyble.swift */,
			);
			path = Protocols;
			sourceTree = "<group>";
		};
		FA941EE922161B5500CA6408 /* Typealiase */ = {
			isa = PBXGroup;
			children = (
				FAEE35C322147C1A001EFC7E /* Typealias.swift */,
			);
			path = Typealiase;
			sourceTree = "<group>";
		};
		FA941EF2221628B200CA6408 /* ParseJSONClasses */ = {
			isa = PBXGroup;
			children = (
				FA941EEE221627F800CA6408 /* ParseJSON.swift */,
			);
			path = ParseJSONClasses;
			sourceTree = "<group>";
		};
		FABD635F2214512600DDC34E = {
			isa = PBXGroup;
			children = (
				FABD636A2214512600DDC34E /* TestTaskA3Technology. */,
				FABD63692214512600DDC34E /* Products */,
			);
			sourceTree = "<group>";
		};
		FABD63692214512600DDC34E /* Products */ = {
			isa = PBXGroup;
			children = (
				FABD63682214512600DDC34E /* TestTaskA3Technology..app */,
			);
			name = Products;
			sourceTree = "<group>";
		};
		FABD636A2214512600DDC34E /* TestTaskA3Technology. */ = {
			isa = PBXGroup;
			children = (
				FABD636B2214512600DDC34E /* AppDelegate.swift */,
				FA7C9CE92216E70200A44160 /* Proxy */,
				FA941EF2221628B200CA6408 /* ParseJSONClasses */,
				FABD638E22145AFE00DDC34E /* Managers */,
				FA941EE922161B5500CA6408 /* Typealiase */,
				FA941EE622161A3600CA6408 /* Protocols */,
				FAF19EF42215C1840027DB5E /* ProjectStrings */,
				FAEF2114221469680029FC23 /* IDProject */,
				FABD6389221458E300DDC34E /* Extensions */,
				FABD637E2214543000DDC34E /* Users */,
				FABD637D2214540700DDC34E /* UserDetail */,
				FABD63722214512A00DDC34E /* Assets.xcassets */,
				FABD63742214512A00DDC34E /* LaunchScreen.storyboard */,
				FABD63772214512A00DDC34E /* Info.plist */,
			);
			path = TestTaskA3Technology.;
			sourceTree = "<group>";
		};
		FABD637D2214540700DDC34E /* UserDetail */ = {
			isa = PBXGroup;
			children = (
				FABD63842214546B00DDC34E /* Model */,
				FABD63832214546600DDC34E /* View */,
				FABD63822214545E00DDC34E /* Controller */,
			);
			path = UserDetail;
			sourceTree = "<group>";
		};
		FABD637E2214543000DDC34E /* Users */ = {
			isa = PBXGroup;
			children = (
				FABD63812214544900DDC34E /* Model */,
				FABD63802214544400DDC34E /* View */,
				FABD637F2214543800DDC34E /* Controller */,
			);
			path = Users;
			sourceTree = "<group>";
		};
		FABD637F2214543800DDC34E /* Controller */ = {
			isa = PBXGroup;
			children = (
				FABD636D2214512600DDC34E /* UsersViewController.swift */,
			);
			path = Controller;
			sourceTree = "<group>";
		};
		FABD63802214544400DDC34E /* View */ = {
			isa = PBXGroup;
			children = (
				FABD636F2214512600DDC34E /* Users.storyboard */,
				FABD6387221458CE00DDC34E /* UsersTableViewCell.swift */,
			);
			path = View;
			sourceTree = "<group>";
		};
		FABD63812214544900DDC34E /* Model */ = {
			isa = PBXGroup;
			children = (
				FABD638C221459B800DDC34E /* UserModel.swift */,
			);
			path = Model;
			sourceTree = "<group>";
		};
		FABD63822214545E00DDC34E /* Controller */ = {
			isa = PBXGroup;
			children = (
				FABD63852214548900DDC34E /* UserDetailViewController.swift */,
			);
			path = Controller;
			sourceTree = "<group>";
		};
		FABD63832214546600DDC34E /* View */ = {
			isa = PBXGroup;
			children = (
				FABD638F22145BC600DDC34E /* UserDetail.storyboard */,
				FAF19EE322156C180027DB5E /* UserDetaiCollectionViewCell.swift */,
			);
			path = View;
			sourceTree = "<group>";
		};
		FABD63842214546B00DDC34E /* Model */ = {
			isa = PBXGroup;
			children = (
				FAF289962214C983007C1200 /* PhotoModel.swift */,
			);
			path = Model;
			sourceTree = "<group>";
		};
		FABD6389221458E300DDC34E /* Extensions */ = {
			isa = PBXGroup;
			children = (
				FABD638A2214590400DDC34E /* Extension + UIView.swift */,
				FAF19EEC2215A7520027DB5E /* Extension + ActivityIndicator.swift */,
			);
			path = Extensions;
			sourceTree = "<group>";
		};
		FABD638E22145AFE00DDC34E /* Managers */ = {
			isa = PBXGroup;
			children = (
				FAF19EF22215B3410027DB5E /* NetworkManager.swift */,
				FAF19EF72215D38B0027DB5E /* CacheManager.swift */,
			);
			path = Managers;
			sourceTree = "<group>";
		};
		FAEF2114221469680029FC23 /* IDProject */ = {
			isa = PBXGroup;
			children = (
				FAEF2116221469830029FC23 /* ID.swift */,
				FAEE35C122147900001EFC7E /* URL_API.swift */,
			);
			path = IDProject;
			sourceTree = "<group>";
		};
		FAF19EF42215C1840027DB5E /* ProjectStrings */ = {
			isa = PBXGroup;
			children = (
				FAF19EF52215C1A60027DB5E /* ProjectStrings.swift */,
			);
			name = ProjectStrings;
			sourceTree = "<group>";
		};
/* End PBXGroup section */

/* Begin PBXNativeTarget section */
		FABD63672214512600DDC34E /* TestTaskA3Technology. */ = {
			isa = PBXNativeTarget;
			buildConfigurationList = FABD637A2214512A00DDC34E /* Build configuration list for PBXNativeTarget "TestTaskA3Technology." */;
			buildPhases = (
				FABD63642214512600DDC34E /* Sources */,
				FABD63652214512600DDC34E /* Frameworks */,
				FABD63662214512600DDC34E /* Resources */,
			);
			buildRules = (
			);
			dependencies = (
			);
			name = TestTaskA3Technology.;
			productName = TestTaskA3Technology.;
			productReference = FABD63682214512600DDC34E /* TestTaskA3Technology..app */;
			productType = "com.apple.product-type.application";
		};
/* End PBXNativeTarget section */

/* Begin PBXProject section */
		FABD63602214512600DDC34E /* Project object */ = {
			isa = PBXProject;
			attributes = {
				LastSwiftUpdateCheck = 1010;
				LastUpgradeCheck = 1010;
				ORGANIZATIONNAME = GurobaDeveloper;
				TargetAttributes = {
					FABD63672214512600DDC34E = {
						CreatedOnToolsVersion = 10.1;
					};
				};
			};
			buildConfigurationList = FABD63632214512600DDC34E /* Build configuration list for PBXProject "TestTaskA3Technology." */;
			compatibilityVersion = "Xcode 9.3";
			developmentRegion = en;
			hasScannedForEncodings = 0;
			knownRegions = (
				en,
				Base,
			);
			mainGroup = FABD635F2214512600DDC34E;
			productRefGroup = FABD63692214512600DDC34E /* Products */;
			projectDirPath = "";
			projectRoot = "";
			targets = (
				FABD63672214512600DDC34E /* TestTaskA3Technology. */,
			);
		};
/* End PBXProject section */

/* Begin PBXResourcesBuildPhase section */
		FABD63662214512600DDC34E /* Resources */ = {
			isa = PBXResourcesBuildPhase;
			buildActionMask = 2147483647;
			files = (
				FABD63732214512A00DDC34E /* Assets.xcassets in Resources */,
			);
			runOnlyForDeploymentPostprocessing = 0;
		};
/* End PBXResourcesBuildPhase section */

/* Begin PBXSourcesBuildPhase section */
		FABD63642214512600DDC34E /* Sources */ = {
			isa = PBXSourcesBuildPhase;
			buildActionMask = 2147483647;
			files = (
				FAEF211B221470F20029FC23 /* Proxy.swift in Sources */,
				FA941EE822161AAD00CA6408 /* JSONParseble.swift in Sources */,
				FAEF2117221469830029FC23 /* ID.swift in Sources */,
				FAF19EE422156C180027DB5E /* UserDetaiCollectionViewCell.swift in Sources */,
				FAEF210F221464800029FC23 /* LaunchScreen.storyboard in Sources */,
				FAEF210E2214647B0029FC23 /* Users.storyboard in Sources */,
				FAEF210D221464760029FC23 /* UserDetail.storyboard in Sources */,
				FA7C9CE82216DF9500A44160 /* Proxyble.swift in Sources */,
				FABD6388221458CE00DDC34E /* UsersTableViewCell.swift in Sources */,
				FABD636E2214512600DDC34E /* UsersViewController.swift in Sources */,
				FAEE35C222147900001EFC7E /* URL_API.swift in Sources */,
				FAF19EF82215D38B0027DB5E /* CacheManager.swift in Sources */,
				FAF19EF32215B3410027DB5E /* NetworkManager.swift in Sources */,
				FABD636C2214512600DDC34E /* AppDelegate.swift in Sources */,
				FABD63862214548900DDC34E /* UserDetailViewController.swift in Sources */,
				FABD638D221459B800DDC34E /* UserModel.swift in Sources */,
				FAF289972214C983007C1200 /* PhotoModel.swift in Sources */,
				FAF19EED2215A7520027DB5E /* Extension + ActivityIndicator.swift in Sources */,
				FABD638B2214590400DDC34E /* Extension + UIView.swift in Sources */,
				FAF19EF62215C1A60027DB5E /* ProjectStrings.swift in Sources */,
				FAF19EEF2215A87A0027DB5E /* PhotoLoad.swift in Sources */,
				FAEE35C422147C1A001EFC7E /* Typealias.swift in Sources */,
				FA941EEF221627F800CA6408 /* ParseJSON.swift in Sources */,
			);
			runOnlyForDeploymentPostprocessing = 0;
		};
/* End PBXSourcesBuildPhase section */

/* Begin PBXVariantGroup section */
		FABD636F2214512600DDC34E /* Users.storyboard */ = {
			isa = PBXVariantGroup;
			children = (
				FABD63702214512600DDC34E /* Base */,
			);
			name = Users.storyboard;
			sourceTree = "<group>";
		};
		FABD63742214512A00DDC34E /* LaunchScreen.storyboard */ = {
			isa = PBXVariantGroup;
			children = (
				FABD63752214512A00DDC34E /* Base */,
			);
			name = LaunchScreen.storyboard;
			sourceTree = "<group>";
		};
/* End PBXVariantGroup section */

/* Begin XCBuildConfiguration section */
		FABD63782214512A00DDC34E /* Debug */ = {
			isa = XCBuildConfiguration;
			buildSettings = {
				ALWAYS_SEARCH_USER_PATHS = NO;
				CLANG_ANALYZER_NONNULL = YES;
				CLANG_ANALYZER_NUMBER_OBJECT_CONVERSION = YES_AGGRESSIVE;
				CLANG_CXX_LANGUAGE_STANDARD = "gnu++14";
				CLANG_CXX_LIBRARY = "libc++";
				CLANG_ENABLE_MODULES = YES;
				CLANG_ENABLE_OBJC_ARC = YES;
				CLANG_ENABLE_OBJC_WEAK = YES;
				CLANG_WARN_BLOCK_CAPTURE_AUTORELEASING = YES;
				CLANG_WARN_BOOL_CONVERSION = YES;
				CLANG_WARN_COMMA = YES;
				CLANG_WARN_CONSTANT_CONVERSION = YES;
				CLANG_WARN_DEPRECATED_OBJC_IMPLEMENTATIONS = YES;
				CLANG_WARN_DIRECT_OBJC_ISA_USAGE = YES_ERROR;
				CLANG_WARN_DOCUMENTATION_COMMENTS = YES;
				CLANG_WARN_EMPTY_BODY = YES;
				CLANG_WARN_ENUM_CONVERSION = YES;
				CLANG_WARN_INFINITE_RECURSION = YES;
				CLANG_WARN_INT_CONVERSION = YES;
				CLANG_WARN_NON_LITERAL_NULL_CONVERSION = YES;
				CLANG_WARN_OBJC_IMPLICIT_RETAIN_SELF = YES;
				CLANG_WARN_OBJC_LITERAL_CONVERSION = YES;
				CLANG_WARN_OBJC_ROOT_CLASS = YES_ERROR;
				CLANG_WARN_RANGE_LOOP_ANALYSIS = YES;
				CLANG_WARN_STRICT_PROTOTYPES = YES;
				CLANG_WARN_SUSPICIOUS_MOVE = YES;
				CLANG_WARN_UNGUARDED_AVAILABILITY = YES_AGGRESSIVE;
				CLANG_WARN_UNREACHABLE_CODE = YES;
				CLANG_WARN__DUPLICATE_METHOD_MATCH = YES;
				CODE_SIGN_IDENTITY = "iPhone Developer";
				COPY_PHASE_STRIP = NO;
				DEBUG_INFORMATION_FORMAT = dwarf;
				ENABLE_STRICT_OBJC_MSGSEND = YES;
				ENABLE_TESTABILITY = YES;
				GCC_C_LANGUAGE_STANDARD = gnu11;
				GCC_DYNAMIC_NO_PIC = NO;
				GCC_NO_COMMON_BLOCKS = YES;
				GCC_OPTIMIZATION_LEVEL = 0;
				GCC_PREPROCESSOR_DEFINITIONS = (
					"DEBUG=1",
					"$(inherited)",
				);
				GCC_WARN_64_TO_32_BIT_CONVERSION = YES;
				GCC_WARN_ABOUT_RETURN_TYPE = YES_ERROR;
				GCC_WARN_UNDECLARED_SELECTOR = YES;
				GCC_WARN_UNINITIALIZED_AUTOS = YES_AGGRESSIVE;
				GCC_WARN_UNUSED_FUNCTION = YES;
				GCC_WARN_UNUSED_VARIABLE = YES;
				IPHONEOS_DEPLOYMENT_TARGET = 12.1;
				MTL_ENABLE_DEBUG_INFO = INCLUDE_SOURCE;
				MTL_FAST_MATH = YES;
				ONLY_ACTIVE_ARCH = YES;
				SDKROOT = iphoneos;
				SWIFT_ACTIVE_COMPILATION_CONDITIONS = DEBUG;
				SWIFT_OPTIMIZATION_LEVEL = "-Onone";
			};
			name = Debug;
		};
		FABD63792214512A00DDC34E /* Release */ = {
			isa = XCBuildConfiguration;
			buildSettings = {
				ALWAYS_SEARCH_USER_PATHS = NO;
				CLANG_ANALYZER_NONNULL = YES;
				CLANG_ANALYZER_NUMBER_OBJECT_CONVERSION = YES_AGGRESSIVE;
				CLANG_CXX_LANGUAGE_STANDARD = "gnu++14";
				CLANG_CXX_LIBRARY = "libc++";
				CLANG_ENABLE_MODULES = YES;
				CLANG_ENABLE_OBJC_ARC = YES;
				CLANG_ENABLE_OBJC_WEAK = YES;
				CLANG_WARN_BLOCK_CAPTURE_AUTORELEASING = YES;
				CLANG_WARN_BOOL_CONVERSION = YES;
				CLANG_WARN_COMMA = YES;
				CLANG_WARN_CONSTANT_CONVERSION = YES;
				CLANG_WARN_DEPRECATED_OBJC_IMPLEMENTATIONS = YES;
				CLANG_WARN_DIRECT_OBJC_ISA_USAGE = YES_ERROR;
				CLANG_WARN_DOCUMENTATION_COMMENTS = YES;
				CLANG_WARN_EMPTY_BODY = YES;
				CLANG_WARN_ENUM_CONVERSION = YES;
				CLANG_WARN_INFINITE_RECURSION = YES;
				CLANG_WARN_INT_CONVERSION = YES;
				CLANG_WARN_NON_LITERAL_NULL_CONVERSION = YES;
				CLANG_WARN_OBJC_IMPLICIT_RETAIN_SELF = YES;
				CLANG_WARN_OBJC_LITERAL_CONVERSION = YES;
				CLANG_WARN_OBJC_ROOT_CLASS = YES_ERROR;
				CLANG_WARN_RANGE_LOOP_ANALYSIS = YES;
				CLANG_WARN_STRICT_PROTOTYPES = YES;
				CLANG_WARN_SUSPICIOUS_MOVE = YES;
				CLANG_WARN_UNGUARDED_AVAILABILITY = YES_AGGRESSIVE;
				CLANG_WARN_UNREACHABLE_CODE = YES;
				CLANG_WARN__DUPLICATE_METHOD_MATCH = YES;
				CODE_SIGN_IDENTITY = "iPhone Developer";
				COPY_PHASE_STRIP = NO;
				DEBUG_INFORMATION_FORMAT = "dwarf-with-dsym";
				ENABLE_NS_ASSERTIONS = NO;
				ENABLE_STRICT_OBJC_MSGSEND = YES;
				GCC_C_LANGUAGE_STANDARD = gnu11;
				GCC_NO_COMMON_BLOCKS = YES;
				GCC_WARN_64_TO_32_BIT_CONVERSION = YES;
				GCC_WARN_ABOUT_RETURN_TYPE = YES_ERROR;
				GCC_WARN_UNDECLARED_SELECTOR = YES;
				GCC_WARN_UNINITIALIZED_AUTOS = YES_AGGRESSIVE;
				GCC_WARN_UNUSED_FUNCTION = YES;
				GCC_WARN_UNUSED_VARIABLE = YES;
				IPHONEOS_DEPLOYMENT_TARGET = 12.1;
				MTL_ENABLE_DEBUG_INFO = NO;
				MTL_FAST_MATH = YES;
				SDKROOT = iphoneos;
				SWIFT_COMPILATION_MODE = wholemodule;
				SWIFT_OPTIMIZATION_LEVEL = "-O";
				VALIDATE_PRODUCT = YES;
			};
			name = Release;
		};
		FABD637B2214512A00DDC34E /* Debug */ = {
			isa = XCBuildConfiguration;
			buildSettings = {
				ASSETCATALOG_COMPILER_APPICON_NAME = AppIcon;
				CODE_SIGN_STYLE = Automatic;
				DEVELOPMENT_TEAM = A4WXPEY3A4;
				INFOPLIST_FILE = TestTaskA3Technology./Info.plist;
				LD_RUNPATH_SEARCH_PATHS = (
					"$(inherited)",
					"@executable_path/Frameworks",
				);
				PRODUCT_BUNDLE_IDENTIFIER = "GurobaDevelopers.TestTaskA3Technology-";
				PRODUCT_NAME = "$(TARGET_NAME)";
				SWIFT_VERSION = 4.2;
				TARGETED_DEVICE_FAMILY = "1,2";
			};
			name = Debug;
		};
		FABD637C2214512A00DDC34E /* Release */ = {
			isa = XCBuildConfiguration;
			buildSettings = {
				ASSETCATALOG_COMPILER_APPICON_NAME = AppIcon;
				CODE_SIGN_STYLE = Automatic;
				DEVELOPMENT_TEAM = A4WXPEY3A4;
				INFOPLIST_FILE = TestTaskA3Technology./Info.plist;
				LD_RUNPATH_SEARCH_PATHS = (
					"$(inherited)",
					"@executable_path/Frameworks",
				);
				PRODUCT_BUNDLE_IDENTIFIER = "GurobaDevelopers.TestTaskA3Technology-";
				PRODUCT_NAME = "$(TARGET_NAME)";
				SWIFT_VERSION = 4.2;
				TARGETED_DEVICE_FAMILY = "1,2";
			};
			name = Release;
		};
/* End XCBuildConfiguration section */

/* Begin XCConfigurationList section */
		FABD63632214512600DDC34E /* Build configuration list for PBXProject "TestTaskA3Technology." */ = {
			isa = XCConfigurationList;
			buildConfigurations = (
				FABD63782214512A00DDC34E /* Debug */,
				FABD63792214512A00DDC34E /* Release */,
			);
			defaultConfigurationIsVisible = 0;
			defaultConfigurationName = Release;
		};
		FABD637A2214512A00DDC34E /* Build configuration list for PBXNativeTarget "TestTaskA3Technology." */ = {
			isa = XCConfigurationList;
			buildConfigurations = (
				FABD637B2214512A00DDC34E /* Debug */,
				FABD637C2214512A00DDC34E /* Release */,
			);
			defaultConfigurationIsVisible = 0;
			defaultConfigurationName = Release;
		};
/* End XCConfigurationList section */
	};
	rootObject = FABD63602214512600DDC34E /* Project object */;
}
